hash: b9a8cebd40b4a75ba9dfd995af59dbcf621579412082a343b12ecbb45265a5fd
updated: 2017-03-06T13:03:37.782681609-05:00
imports:
- name: github.com/go-swagger/go-swagger
  version: d1a0b6c1007402b2ccde73702eb0e8e43a5e7498
  subpackages:
  - cmd/swagger
- name: github.com/gosuri/cmdns
  version: 788e86f8f5d536c03515b64bdf664eb168f4e318
- name: github.com/spf13/cobra
  version: fcd0c5a1df88f5d6784cb4feead962c3f3d0b66c
- name: github.com/spf13/viper
  version: 7538d73b4eb9511d85a9f1dfef202eeb8ac260f4
testImports: []
